
Microsoft Visual Studio Solution File, Format Version 12.00
# Visual Studio Version 17
VisualStudioVersion = 17.11.35208.52
MinimumVisualStudioVersion = 10.0.40219.1
Project("{FAE04EC0-301F-11D3-BF4B-00C04F79EFBC}") = "ls5_ef_core", "ls5_ef_core\ls5_ef_core.csproj", "{CC14F027-A8CE-4B3E-B8CD-ECAD5355BBD4}"
EndProject
Global
	GlobalSection(SolutionConfigurationPlatforms) = preSolution
		Debug|Any CPU = Debug|Any CPU
		Release|Any CPU = Release|Any CPU
	EndGlobalSection
	GlobalSection(ProjectConfigurationPlatforms) = postSolution
		{CC14F027-A8CE-4B3E-B8CD-ECAD5355BBD4}.Debug|Any CPU.ActiveCfg = Debug|Any CPU
		{CC14F027-A8CE-4B3E-B8CD-ECAD5355BBD4}.Debug|Any CPU.Build.0 = Debug|Any CPU
		{CC14F027-A8CE-4B3E-B8CD-ECAD5355BBD4}.Release|Any CPU.ActiveCfg = Release|Any CPU
		{CC14F027-A8CE-4B3E-B8CD-ECAD5355BBD4}.Release|Any CPU.Build.0 = Release|Any CPU
	EndGlobalSection
	GlobalSection(SolutionProperties) = preSolution
		HideSolutionNode = FALSE
	EndGlobalSection
	GlobalSection(ExtensibilityGlobals) = postSolution
		SolutionGuid = {EE47549C-BE40-46FB-A450-1CF5215FB9E3}
	EndGlobalSection
EndGlobal
